
Microsoft Visual Studio Solution File, Format Version 12.00
Project("{FAE04EC0-301F-11D3-BF4B-00C04F79EFBC}") = "leapy", "leapy\leapy.csproj", "{ECB6A106-BCC9-416D-A09F-139466C3D07B}"
EndProject
Global
	GlobalSection(SolutionConfigurationPlatforms) = preSolution
		Debug|Any CPU = Debug|Any CPU
		Release|Any CPU = Release|Any CPU
	EndGlobalSection
	GlobalSection(ProjectConfigurationPlatforms) = postSolution
		{ECB6A106-BCC9-416D-A09F-139466C3D07B}.Debug|Any CPU.ActiveCfg = Debug|Any CPU
		{ECB6A106-BCC9-416D-A09F-139466C3D07B}.Debug|Any CPU.Build.0 = Debug|Any CPU
		{ECB6A106-BCC9-416D-A09F-139466C3D07B}.Release|Any CPU.ActiveCfg = Release|Any CPU
		{ECB6A106-BCC9-416D-A09F-139466C3D07B}.Release|Any CPU.Build.0 = Release|Any CPU
	EndGlobalSection
EndGlobal
